// !$*UTF8*$!
{
	archiveVersion = 1;
	classes = {
	};
	objectVersion = 55;
	objects = {

/* Begin PBXBuildFile section */
		30333928280D879A000A7830 /* AppDelegate.swift in Sources */ = {isa = PBXBuildFile; fileRef = 30333927280D879A000A7830 /* AppDelegate.swift */; };
		3033392A280D879A000A7830 /* SceneDelegate.swift in Sources */ = {isa = PBXBuildFile; fileRef = 30333929280D879A000A7830 /* SceneDelegate.swift */; };
		3033392F280D879A000A7830 /* Main.storyboard in Resources */ = {isa = PBXBuildFile; fileRef = 3033392D280D879A000A7830 /* Main.storyboard */; };
		30333931280D879C000A7830 /* Assets.xcassets in Resources */ = {isa = PBXBuildFile; fileRef = 30333930280D879C000A7830 /* Assets.xcassets */; };
		30333934280D879C000A7830 /* LaunchScreen.storyboard in Resources */ = {isa = PBXBuildFile; fileRef = 30333932280D879C000A7830 /* LaunchScreen.storyboard */; };
		30333941280D8950000A7830 /* TableViewController.swift in Sources */ = {isa = PBXBuildFile; fileRef = 30333940280D8950000A7830 /* TableViewController.swift */; };
		30333943280D8AEA000A7830 /* TableViewCell.swift in Sources */ = {isa = PBXBuildFile; fileRef = 30333942280D8AEA000A7830 /* TableViewCell.swift */; };
		30333945280D8AFE000A7830 /* DetailViewController.swift in Sources */ = {isa = PBXBuildFile; fileRef = 30333944280D8AFE000A7830 /* DetailViewController.swift */; };
		30333947280DF932000A7830 /* Characters.swift in Sources */ = {isa = PBXBuildFile; fileRef = 30333946280DF932000A7830 /* Characters.swift */; };
		3033394A280EC8D7000A7830 /* NetworkManager.swift in Sources */ = {isa = PBXBuildFile; fileRef = 30333949280EC8D7000A7830 /* NetworkManager.swift */; };
/* End PBXBuildFile section */

/* Begin PBXFileReference section */
		30333924280D879A000A7830 /* RickAndMorty.app */ = {isa = PBXFileReference; explicitFileType = wrapper.application; includeInIndex = 0; path = RickAndMorty.app; sourceTree = BUILT_PRODUCTS_DIR; };
		30333927280D879A000A7830 /* AppDelegate.swift */ = {isa = PBXFileReference; lastKnownFileType = sourcecode.swift; path = AppDelegate.swift; sourceTree = "<group>"; };
		30333929280D879A000A7830 /* SceneDelegate.swift */ = {isa = PBXFileReference; lastKnownFileType = sourcecode.swift; path = SceneDelegate.swift; sourceTree = "<group>"; };
		3033392E280D879A000A7830 /* Base */ = {isa = PBXFileReference; lastKnownFileType = file.storyboard; name = Base; path = Base.lproj/Main.storyboard; sourceTree = "<group>"; };
		30333930280D879C000A7830 /* Assets.xcassets */ = {isa = PBXFileReference; lastKnownFileType = folder.assetcatalog; path = Assets.xcassets; sourceTree = "<group>"; };
		30333933280D879C000A7830 /* Base */ = {isa = PBXFileReference; lastKnownFileType = file.storyboard; name = Base; path = Base.lproj/LaunchScreen.storyboard; sourceTree = "<group>"; };
		30333935280D879C000A7830 /* Info.plist */ = {isa = PBXFileReference; lastKnownFileType = text.plist.xml; path = Info.plist; sourceTree = "<group>"; };
		30333940280D8950000A7830 /* TableViewController.swift */ = {isa = PBXFileReference; lastKnownFileType = sourcecode.swift; path = TableViewController.swift; sourceTree = "<group>"; };
		30333942280D8AEA000A7830 /* TableViewCell.swift */ = {isa = PBXFileReference; lastKnownFileType = sourcecode.swift; path = TableViewCell.swift; sourceTree = "<group>"; };
		30333944280D8AFE000A7830 /* DetailViewController.swift */ = {isa = PBXFileReference; lastKnownFileType = sourcecode.swift; path = DetailViewController.swift; sourceTree = "<group>"; };
		30333946280DF932000A7830 /* Characters.swift */ = {isa = PBXFileReference; lastKnownFileType = sourcecode.swift; path = Characters.swift; sourceTree = "<group>"; };
		30333949280EC8D7000A7830 /* NetworkManager.swift */ = {isa = PBXFileReference; lastKnownFileType = sourcecode.swift; path = NetworkManager.swift; sourceTree = "<group>"; };
/* End PBXFileReference section */

/* Begin PBXFrameworksBuildPhase section */
		30333921280D879A000A7830 /* Frameworks */ = {
			isa = PBXFrameworksBuildPhase;
			buildActionMask = 2147483647;
			files = (
			);
			runOnlyForDeploymentPostprocessing = 0;
		};
/* End PBXFrameworksBuildPhase section */

/* Begin PBXGroup section */
		3033391B280D879A000A7830 = {
			isa = PBXGroup;
			children = (
				30333926280D879A000A7830 /* RickAndMorty */,
				30333925280D879A000A7830 /* Products */,
			);
			sourceTree = "<group>";
		};
		30333925280D879A000A7830 /* Products */ = {
			isa = PBXGroup;
			children = (
				30333924280D879A000A7830 /* RickAndMorty.app */,
			);
			name = Products;
			sourceTree = "<group>";
		};
		30333926280D879A000A7830 /* RickAndMorty */ = {
			isa = PBXGroup;
			children = (
				30333948280EC8C4000A7830 /* Helpers */,
				3033393B280D87BF000A7830 /* Model */,
				3033393C280D87C7000A7830 /* View */,
				3033393D280D87CD000A7830 /* Controller */,
				3033393E280D87D5000A7830 /* Supporting files */,
				3033393F280D87E8000A7830 /* Resourses */,
			);
			path = RickAndMorty;
			sourceTree = "<group>";
		};
		3033393B280D87BF000A7830 /* Model */ = {
			isa = PBXGroup;
			children = (
				30333946280DF932000A7830 /* Characters.swift */,
			);
			path = Model;
			sourceTree = "<group>";
		};
		3033393C280D87C7000A7830 /* View */ = {
			isa = PBXGroup;
			children = (
				3033392D280D879A000A7830 /* Main.storyboard */,
				30333932280D879C000A7830 /* LaunchScreen.storyboard */,
			);
			path = View;
			sourceTree = "<group>";
		};
		3033393D280D87CD000A7830 /* Controller */ = {
			isa = PBXGroup;
			children = (
				30333940280D8950000A7830 /* TableViewController.swift */,
				30333942280D8AEA000A7830 /* TableViewCell.swift */,
				30333944280D8AFE000A7830 /* DetailViewController.swift */,
			);
			path = Controller;
			sourceTree = "<group>";
		};
		3033393E280D87D5000A7830 /* Supporting files */ = {
			isa = PBXGroup;
			children = (
				30333927280D879A000A7830 /* AppDelegate.swift */,
				30333929280D879A000A7830 /* SceneDelegate.swift */,
				30333935280D879C000A7830 /* Info.plist */,
			);
			path = "Supporting files";
			sourceTree = "<group>";
		};
		3033393F280D87E8000A7830 /* Resourses */ = {
			isa = PBXGroup;
			children = (
				30333930280D879C000A7830 /* Assets.xcassets */,
			);
			path = Resourses;
			sourceTree = "<group>";
		};
		30333948280EC8C4000A7830 /* Helpers */ = {
			isa = PBXGroup;
			children = (
				30333949280EC8D7000A7830 /* NetworkManager.swift */,
			);
			path = Helpers;
			sourceTree = "<group>";
		};
/* End PBXGroup section */

/* Begin PBXNativeTarget section */
		30333923280D879A000A7830 /* RickAndMorty */ = {
			isa = PBXNativeTarget;
			buildConfigurationList = 30333938280D879C000A7830 /* Build configuration list for PBXNativeTarget "RickAndMorty" */;
			buildPhases = (
				30333920280D879A000A7830 /* Sources */,
				30333921280D879A000A7830 /* Frameworks */,
				30333922280D879A000A7830 /* Resources */,
			);
			buildRules = (
			);
			dependencies = (
			);
			name = RickAndMorty;
			productName = RickAndMorty;
			productReference = 30333924280D879A000A7830 /* RickAndMorty.app */;
			productType = "com.apple.product-type.application";
		};
/* End PBXNativeTarget section */

/* Begin PBXProject section */
		3033391C280D879A000A7830 /* Project object */ = {
			isa = PBXProject;
			attributes = {
				BuildIndependentTargetsInParallel = 1;
				LastSwiftUpdateCheck = 1300;
				LastUpgradeCheck = 1300;
				TargetAttributes = {
					30333923280D879A000A7830 = {
						CreatedOnToolsVersion = 13.0;
					};
				};
			};
			buildConfigurationList = 3033391F280D879A000A7830 /* Build configuration list for PBXProject "RickAndMorty" */;
			compatibilityVersion = "Xcode 13.0";
			developmentRegion = en;
			hasScannedForEncodings = 0;
			knownRegions = (
				en,
				Base,
			);
			mainGroup = 3033391B280D879A000A7830;
			productRefGroup = 30333925280D879A000A7830 /* Products */;
			projectDirPath = "";
			projectRoot = "";
			targets = (
				30333923280D879A000A7830 /* RickAndMorty */,
			);
		};
/* End PBXProject section */

/* Begin PBXResourcesBuildPhase section */
		30333922280D879A000A7830 /* Resources */ = {
			isa = PBXResourcesBuildPhase;
			buildActionMask = 2147483647;
			files = (
				30333934280D879C000A7830 /* LaunchScreen.storyboard in Resources */,
				30333931280D879C000A7830 /* Assets.xcassets in Resources */,
				3033392F280D879A000A7830 /* Main.storyboard in Resources */,
			);
			runOnlyForDeploymentPostprocessing = 0;
		};
/* End PBXResourcesBuildPhase section */

/* Begin PBXSourcesBuildPhase section */
		30333920280D879A000A7830 /* Sources */ = {
			isa = PBXSourcesBuildPhase;
			buildActionMask = 2147483647;
			files = (
				30333928280D879A000A7830 /* AppDelegate.swift in Sources */,
				30333947280DF932000A7830 /* Characters.swift in Sources */,
				30333943280D8AEA000A7830 /* TableViewCell.swift in Sources */,
				3033394A280EC8D7000A7830 /* NetworkManager.swift in Sources */,
				30333945280D8AFE000A7830 /* DetailViewController.swift in Sources */,
				30333941280D8950000A7830 /* TableViewController.swift in Sources */,
				3033392A280D879A000A7830 /* SceneDelegate.swift in Sources */,
			);
			runOnlyForDeploymentPostprocessing = 0;
		};
/* End PBXSourcesBuildPhase section */

/* Begin PBXVariantGroup section */
		3033392D280D879A000A7830 /* Main.storyboard */ = {
			isa = PBXVariantGroup;
			children = (
				3033392E280D879A000A7830 /* Base */,
			);
			name = Main.storyboard;
			sourceTree = "<group>";
		};
		30333932280D879C000A7830 /* LaunchScreen.storyboard */ = {
			isa = PBXVariantGroup;
			children = (
				30333933280D879C000A7830 /* Base */,
			);
			name = LaunchScreen.storyboard;
			sourceTree = "<group>";
		};
/* End PBXVariantGroup section */

/* Begin XCBuildConfiguration section */
		30333936280D879C000A7830 /* Debug */ = {
			isa = XCBuildConfiguration;
			buildSettings = {
				ALWAYS_SEARCH_USER_PATHS = NO;
				CLANG_ANALYZER_NONNULL = YES;
				CLANG_ANALYZER_NUMBER_OBJECT_CONVERSION = YES_AGGRESSIVE;
				CLANG_CXX_LANGUAGE_STANDARD = "gnu++17";
				CLANG_CXX_LIBRARY = "libc++";
				CLANG_ENABLE_MODULES = YES;
				CLANG_ENABLE_OBJC_ARC = YES;
				CLANG_ENABLE_OBJC_WEAK = YES;
				CLANG_WARN_BLOCK_CAPTURE_AUTORELEASING = YES;
				CLANG_WARN_BOOL_CONVERSION = YES;
				CLANG_WARN_COMMA = YES;
				CLANG_WARN_CONSTANT_CONVERSION = YES;
				CLANG_WARN_DEPRECATED_OBJC_IMPLEMENTATIONS = YES;
				CLANG_WARN_DIRECT_OBJC_ISA_USAGE = YES_ERROR;
				CLANG_WARN_DOCUMENTATION_COMMENTS = YES;
				CLANG_WARN_EMPTY_BODY = YES;
				CLANG_WARN_ENUM_CONVERSION = YES;
				CLANG_WARN_INFINITE_RECURSION = YES;
				CLANG_WARN_INT_CONVERSION = YES;
				CLANG_WARN_NON_LITERAL_NULL_CONVERSION = YES;
				CLANG_WARN_OBJC_IMPLICIT_RETAIN_SELF = YES;
				CLANG_WARN_OBJC_LITERAL_CONVERSION = YES;
				CLANG_WARN_OBJC_ROOT_CLASS = YES_ERROR;
				CLANG_WARN_QUOTED_INCLUDE_IN_FRAMEWORK_HEADER = YES;
				CLANG_WARN_RANGE_LOOP_ANALYSIS = YES;
				CLANG_WARN_STRICT_PROTOTYPES = YES;
				CLANG_WARN_SUSPICIOUS_MOVE = YES;
				CLANG_WARN_UNGUARDED_AVAILABILITY = YES_AGGRESSIVE;
				CLANG_WARN_UNREACHABLE_CODE = YES;
				CLANG_WARN__DUPLICATE_METHOD_MATCH = YES;
				COPY_PHASE_STRIP = NO;
				DEBUG_INFORMATION_FORMAT = dwarf;
				ENABLE_STRICT_OBJC_MSGSEND = YES;
				ENABLE_TESTABILITY = YES;
				GCC_C_LANGUAGE_STANDARD = gnu11;
				GCC_DYNAMIC_NO_PIC = NO;
				GCC_NO_COMMON_BLOCKS = YES;
				GCC_OPTIMIZATION_LEVEL = 0;
				GCC_PREPROCESSOR_DEFINITIONS = (
					"DEBUG=1",
					"$(inherited)",
				);
				GCC_WARN_64_TO_32_BIT_CONVERSION = YES;
				GCC_WARN_ABOUT_RETURN_TYPE = YES_ERROR;
				GCC_WARN_UNDECLARED_SELECTOR = YES;
				GCC_WARN_UNINITIALIZED_AUTOS = YES_AGGRESSIVE;
				GCC_WARN_UNUSED_FUNCTION = YES;
				GCC_WARN_UNUSED_VARIABLE = YES;
				IPHONEOS_DEPLOYMENT_TARGET = 15.0;
				MTL_ENABLE_DEBUG_INFO = INCLUDE_SOURCE;
				MTL_FAST_MATH = YES;
				ONLY_ACTIVE_ARCH = YES;
				SDKROOT = iphoneos;
				SWIFT_ACTIVE_COMPILATION_CONDITIONS = DEBUG;
				SWIFT_OPTIMIZATION_LEVEL = "-Onone";
			};
			name = Debug;
		};
		30333937280D879C000A7830 /* Release */ = {
			isa = XCBuildConfiguration;
			buildSettings = {
				ALWAYS_SEARCH_USER_PATHS = NO;
				CLANG_ANALYZER_NONNULL = YES;
				CLANG_ANALYZER_NUMBER_OBJECT_CONVERSION = YES_AGGRESSIVE;
				CLANG_CXX_LANGUAGE_STANDARD = "gnu++17";
				CLANG_CXX_LIBRARY = "libc++";
				CLANG_ENABLE_MODULES = YES;
				CLANG_ENABLE_OBJC_ARC = YES;
				CLANG_ENABLE_OBJC_WEAK = YES;
				CLANG_WARN_BLOCK_CAPTURE_AUTORELEASING = YES;
				CLANG_WARN_BOOL_CONVERSION = YES;
				CLANG_WARN_COMMA = YES;
				CLANG_WARN_CONSTANT_CONVERSION = YES;
				CLANG_WARN_DEPRECATED_OBJC_IMPLEMENTATIONS = YES;
				CLANG_WARN_DIRECT_OBJC_ISA_USAGE = YES_ERROR;
				CLANG_WARN_DOCUMENTATION_COMMENTS = YES;
				CLANG_WARN_EMPTY_BODY = YES;
				CLANG_WARN_ENUM_CONVERSION = YES;
				CLANG_WARN_INFINITE_RECURSION = YES;
				CLANG_WARN_INT_CONVERSION = YES;
				CLANG_WARN_NON_LITERAL_NULL_CONVERSION = YES;
				CLANG_WARN_OBJC_IMPLICIT_RETAIN_SELF = YES;
				CLANG_WARN_OBJC_LITERAL_CONVERSION = YES;
				CLANG_WARN_OBJC_ROOT_CLASS = YES_ERROR;
				CLANG_WARN_QUOTED_INCLUDE_IN_FRAMEWORK_HEADER = YES;
				CLANG_WARN_RANGE_LOOP_ANALYSIS = YES;
				CLANG_WARN_STRICT_PROTOTYPES = YES;
				CLANG_WARN_SUSPICIOUS_MOVE = YES;
				CLANG_WARN_UNGUARDED_AVAILABILITY = YES_AGGRESSIVE;
				CLANG_WARN_UNREACHABLE_CODE = YES;
				CLANG_WARN__DUPLICATE_METHOD_MATCH = YES;
				COPY_PHASE_STRIP = NO;
				DEBUG_INFORMATION_FORMAT = "dwarf-with-dsym";
				ENABLE_NS_ASSERTIONS = NO;
				ENABLE_STRICT_OBJC_MSGSEND = YES;
				GCC_C_LANGUAGE_STANDARD = gnu11;
				GCC_NO_COMMON_BLOCKS = YES;
				GCC_WARN_64_TO_32_BIT_CONVERSION = YES;
				GCC_WARN_ABOUT_RETURN_TYPE = YES_ERROR;
				GCC_WARN_UNDECLARED_SELECTOR = YES;
				GCC_WARN_UNINITIALIZED_AUTOS = YES_AGGRESSIVE;
				GCC_WARN_UNUSED_FUNCTION = YES;
				GCC_WARN_UNUSED_VARIABLE = YES;
				IPHONEOS_DEPLOYMENT_TARGET = 15.0;
				MTL_ENABLE_DEBUG_INFO = NO;
				MTL_FAST_MATH = YES;
				SDKROOT = iphoneos;
				SWIFT_COMPILATION_MODE = wholemodule;
				SWIFT_OPTIMIZATION_LEVEL = "-O";
				VALIDATE_PRODUCT = YES;
			};
			name = Release;
		};
		30333939280D879C000A7830 /* Debug */ = {
			isa = XCBuildConfiguration;
			buildSettings = {
				ASSETCATALOG_COMPILER_APPICON_NAME = AppIcon;
				ASSETCATALOG_COMPILER_GLOBAL_ACCENT_COLOR_NAME = AccentColor;
				CODE_SIGN_STYLE = Automatic;
				CURRENT_PROJECT_VERSION = 1;
				DEVELOPMENT_TEAM = K595A447RT;
				GENERATE_INFOPLIST_FILE = YES;
				INFOPLIST_FILE = "/Users/pro/Desktop/ПриложенияIos/RickAndMorty/RickAndMorty/Supporting files/Info.plist";
				INFOPLIST_KEY_UIApplicationSupportsIndirectInputEvents = YES;
				INFOPLIST_KEY_UILaunchStoryboardName = LaunchScreen;
				INFOPLIST_KEY_UIMainStoryboardFile = Main;
				INFOPLIST_KEY_UISupportedInterfaceOrientations = UIInterfaceOrientationPortrait;
				INFOPLIST_KEY_UISupportedInterfaceOrientations_iPad = "UIInterfaceOrientationPortrait UIInterfaceOrientationPortraitUpsideDown UIInterfaceOrientationLandscapeLeft UIInterfaceOrientationLandscapeRight";
				INFOPLIST_KEY_UISupportedInterfaceOrientations_iPhone = "UIInterfaceOrientationPortrait UIInterfaceOrientationLandscapeLeft UIInterfaceOrientationLandscapeRight";
				LD_RUNPATH_SEARCH_PATHS = (
					"$(inherited)",
					"@executable_path/Frameworks",
				);
				MARKETING_VERSION = 1.0;
				PRODUCT_BUNDLE_IDENTIFIER = KxarusIncorporated.RickAndMorty;
				PRODUCT_NAME = "$(TARGET_NAME)";
				SWIFT_EMIT_LOC_STRINGS = YES;
				SWIFT_VERSION = 5.0;
				TARGETED_DEVICE_FAMILY = 1;
			};
			name = Debug;
		};
		3033393A280D879C000A7830 /* Release */ = {
			isa = XCBuildConfiguration;
			buildSettings = {
				ASSETCATALOG_COMPILER_APPICON_NAME = AppIcon;
				ASSETCATALOG_COMPILER_GLOBAL_ACCENT_COLOR_NAME = AccentColor;
				CODE_SIGN_STYLE = Automatic;
				CURRENT_PROJECT_VERSION = 1;
				DEVELOPMENT_TEAM = K595A447RT;
				GENERATE_INFOPLIST_FILE = YES;
				INFOPLIST_FILE = "/Users/pro/Desktop/ПриложенияIos/RickAndMorty/RickAndMorty/Supporting files/Info.plist";
				INFOPLIST_KEY_UIApplicationSupportsIndirectInputEvents = YES;
				INFOPLIST_KEY_UILaunchStoryboardName = LaunchScreen;
				INFOPLIST_KEY_UIMainStoryboardFile = Main;
				INFOPLIST_KEY_UISupportedInterfaceOrientations = UIInterfaceOrientationPortrait;
				INFOPLIST_KEY_UISupportedInterfaceOrientations_iPad = "UIInterfaceOrientationPortrait UIInterfaceOrientationPortraitUpsideDown UIInterfaceOrientationLandscapeLeft UIInterfaceOrientationLandscapeRight";
				INFOPLIST_KEY_UISupportedInterfaceOrientations_iPhone = "UIInterfaceOrientationPortrait UIInterfaceOrientationLandscapeLeft UIInterfaceOrientationLandscapeRight";
				LD_RUNPATH_SEARCH_PATHS = (
					"$(inherited)",
					"@executable_path/Frameworks",
				);
				MARKETING_VERSION = 1.0;
				PRODUCT_BUNDLE_IDENTIFIER = KxarusIncorporated.RickAndMorty;
				PRODUCT_NAME = "$(TARGET_NAME)";
				SWIFT_EMIT_LOC_STRINGS = YES;
				SWIFT_VERSION = 5.0;
				TARGETED_DEVICE_FAMILY = 1;
			};
			name = Release;
		};
/* End XCBuildConfiguration section */

/* Begin XCConfigurationList section */
		3033391F280D879A000A7830 /* Build configuration list for PBXProject "RickAndMorty" */ = {
			isa = XCConfigurationList;
			buildConfigurations = (
				30333936280D879C000A7830 /* Debug */,
				30333937280D879C000A7830 /* Release */,
			);
			defaultConfigurationIsVisible = 0;
			defaultConfigurationName = Release;
		};
		30333938280D879C000A7830 /* Build configuration list for PBXNativeTarget "RickAndMorty" */ = {
			isa = XCConfigurationList;
			buildConfigurations = (
				30333939280D879C000A7830 /* Debug */,
				3033393A280D879C000A7830 /* Release */,
			);
			defaultConfigurationIsVisible = 0;
			defaultConfigurationName = Release;
		};
/* End XCConfigurationList section */
	};
	rootObject = 3033391C280D879A000A7830 /* Project object */;
}
